
Microsoft Visual Studio Solution File, Format Version 12.00
# Visual Studio Version 17
VisualStudioVersion = 17.7.34031.279
MinimumVisualStudioVersion = 10.0.40219.1
Project("{2150E333-8FDC-42A3-9474-1A3956D46DE8}") = "src", "src", "{F5AD1518-194D-44C0-B8A0-5DA923D54A47}"
EndProject
Project("{2150E333-8FDC-42A3-9474-1A3956D46DE8}") = "tests", "tests", "{0E488274-A6B8-4AFE-8229-8998B442B2D9}"
EndProject
Project("{9A19103F-16F7-4668-BE54-9A1E7A4F7556}") = "movie-store", "src\processor\movie-store.csproj", "{5D609A60-8E6F-4F24-9B46-AF804CB69BB9}"
EndProject
Project("{FAE04EC0-301F-11D3-BF4B-00C04F79EFBC}") = "logic.workflow", "src\logic.workflow\logic.workflow.csproj", "{61E8D42E-C31C-4C32-B9BA-6D0FF4CE80D5}"
EndProject
Project("{FAE04EC0-301F-11D3-BF4B-00C04F79EFBC}") = "models", "src\models\models.csproj", "{F123F49B-DAD5-4A38-B76A-F89093E1F9AE}"
EndProject
Global
	GlobalSection(SolutionConfigurationPlatforms) = preSolution
		Debug|Any CPU = Debug|Any CPU
		Release|Any CPU = Release|Any CPU
	EndGlobalSection
	GlobalSection(ProjectConfigurationPlatforms) = postSolution
		{5D609A60-8E6F-4F24-9B46-AF804CB69BB9}.Debug|Any CPU.ActiveCfg = Debug|Any CPU
		{5D609A60-8E6F-4F24-9B46-AF804CB69BB9}.Debug|Any CPU.Build.0 = Debug|Any CPU
		{5D609A60-8E6F-4F24-9B46-AF804CB69BB9}.Release|Any CPU.ActiveCfg = Release|Any CPU
		{5D609A60-8E6F-4F24-9B46-AF804CB69BB9}.Release|Any CPU.Build.0 = Release|Any CPU
		{61E8D42E-C31C-4C32-B9BA-6D0FF4CE80D5}.Debug|Any CPU.ActiveCfg = Debug|Any CPU
		{61E8D42E-C31C-4C32-B9BA-6D0FF4CE80D5}.Debug|Any CPU.Build.0 = Debug|Any CPU
		{61E8D42E-C31C-4C32-B9BA-6D0FF4CE80D5}.Release|Any CPU.ActiveCfg = Release|Any CPU
		{61E8D42E-C31C-4C32-B9BA-6D0FF4CE80D5}.Release|Any CPU.Build.0 = Release|Any CPU
		{F123F49B-DAD5-4A38-B76A-F89093E1F9AE}.Debug|Any CPU.ActiveCfg = Debug|Any CPU
		{F123F49B-DAD5-4A38-B76A-F89093E1F9AE}.Debug|Any CPU.Build.0 = Debug|Any CPU
		{F123F49B-DAD5-4A38-B76A-F89093E1F9AE}.Release|Any CPU.ActiveCfg = Release|Any CPU
		{F123F49B-DAD5-4A38-B76A-F89093E1F9AE}.Release|Any CPU.Build.0 = Release|Any CPU
	EndGlobalSection
	GlobalSection(SolutionProperties) = preSolution
		HideSolutionNode = FALSE
	EndGlobalSection
	GlobalSection(NestedProjects) = preSolution
		{5D609A60-8E6F-4F24-9B46-AF804CB69BB9} = {F5AD1518-194D-44C0-B8A0-5DA923D54A47}
		{61E8D42E-C31C-4C32-B9BA-6D0FF4CE80D5} = {F5AD1518-194D-44C0-B8A0-5DA923D54A47}
		{F123F49B-DAD5-4A38-B76A-F89093E1F9AE} = {F5AD1518-194D-44C0-B8A0-5DA923D54A47}
	EndGlobalSection
	GlobalSection(ExtensibilityGlobals) = postSolution
		SolutionGuid = {91221504-795E-4CBB-B429-426D4169E4F7}
	EndGlobalSection
EndGlobal
